
Microsoft Visual Studio Solution File, Format Version 12.00
# Visual Studio 15
VisualStudioVersion = 15.0.28307.329
MinimumVisualStudioVersion = 10.0.40219.1
Project("{FAE04EC0-301F-11D3-BF4B-00C04F79EFBC}") = "Siri_Web_Application", "Siri_Web_Application\Siri_Web_Application.csproj", "{AC36515B-553B-4642-933E-8BFAD804C7A6}"
EndProject
Global
	GlobalSection(SolutionConfigurationPlatforms) = preSolution
		Debug|Any CPU = Debug|Any CPU
		Release|Any CPU = Release|Any CPU
	EndGlobalSection
	GlobalSection(ProjectConfigurationPlatforms) = postSolution
		{AC36515B-553B-4642-933E-8BFAD804C7A6}.Debug|Any CPU.ActiveCfg = Debug|Any CPU
		{AC36515B-553B-4642-933E-8BFAD804C7A6}.Debug|Any CPU.Build.0 = Debug|Any CPU
		{AC36515B-553B-4642-933E-8BFAD804C7A6}.Release|Any CPU.ActiveCfg = Release|Any CPU
		{AC36515B-553B-4642-933E-8BFAD804C7A6}.Release|Any CPU.Build.0 = Release|Any CPU
	EndGlobalSection
	GlobalSection(SolutionProperties) = preSolution
		HideSolutionNode = FALSE
	EndGlobalSection
	GlobalSection(ExtensibilityGlobals) = postSolution
		SolutionGuid = {F88E997F-F01C-48D5-99FC-ACDD06C79F07}
	EndGlobalSection
EndGlobal
